// !$*UTF8*$!
{
	archiveVersion = 1;
	classes = {
	};
	objectVersion = 55;
	objects = {

/* Begin PBXBuildFile section */
		8C65C9762756615B00A2060A /* AppDelegate.swift in Sources */ = {isa = PBXBuildFile; fileRef = 8C65C9752756615B00A2060A /* AppDelegate.swift */; };
		8C65C9782756615B00A2060A /* SceneDelegate.swift in Sources */ = {isa = PBXBuildFile; fileRef = 8C65C9772756615B00A2060A /* SceneDelegate.swift */; };
		8C65C97A2756615B00A2060A /* ViewController.swift in Sources */ = {isa = PBXBuildFile; fileRef = 8C65C9792756615B00A2060A /* ViewController.swift */; };
		8C65C97D2756615B00A2060A /* Main.storyboard in Resources */ = {isa = PBXBuildFile; fileRef = 8C65C97B2756615B00A2060A /* Main.storyboard */; };
		8C65C97F2756615D00A2060A /* Assets.xcassets in Resources */ = {isa = PBXBuildFile; fileRef = 8C65C97E2756615D00A2060A /* Assets.xcassets */; };
		8C65C9822756615D00A2060A /* LaunchScreen.storyboard in Resources */ = {isa = PBXBuildFile; fileRef = 8C65C9802756615D00A2060A /* LaunchScreen.storyboard */; };
		8C65C98B275662BE00A2060A /* WebKit.framework in Frameworks */ = {isa = PBXBuildFile; fileRef = 8C65C98A275662BE00A2060A /* WebKit.framework */; };
		8C65C98D2756714B00A2060A /* Reachability.swift in Sources */ = {isa = PBXBuildFile; fileRef = 8C65C98C2756714B00A2060A /* Reachability.swift */; };
/* End PBXBuildFile section */

/* Begin PBXFileReference section */
		8C65C9722756615B00A2060A /* WkitSwoomi.app */ = {isa = PBXFileReference; explicitFileType = wrapper.application; includeInIndex = 0; path = WkitSwoomi.app; sourceTree = BUILT_PRODUCTS_DIR; };
		8C65C9752756615B00A2060A /* AppDelegate.swift */ = {isa = PBXFileReference; lastKnownFileType = sourcecode.swift; path = AppDelegate.swift; sourceTree = "<group>"; };
		8C65C9772756615B00A2060A /* SceneDelegate.swift */ = {isa = PBXFileReference; lastKnownFileType = sourcecode.swift; path = SceneDelegate.swift; sourceTree = "<group>"; };
		8C65C9792756615B00A2060A /* ViewController.swift */ = {isa = PBXFileReference; lastKnownFileType = sourcecode.swift; path = ViewController.swift; sourceTree = "<group>"; };
		8C65C97C2756615B00A2060A /* Base */ = {isa = PBXFileReference; lastKnownFileType = file.storyboard; name = Base; path = Base.lproj/Main.storyboard; sourceTree = "<group>"; };
		8C65C97E2756615D00A2060A /* Assets.xcassets */ = {isa = PBXFileReference; lastKnownFileType = folder.assetcatalog; path = Assets.xcassets; sourceTree = "<group>"; };
		8C65C9812756615D00A2060A /* Base */ = {isa = PBXFileReference; lastKnownFileType = file.storyboard; name = Base; path = Base.lproj/LaunchScreen.storyboard; sourceTree = "<group>"; };
		8C65C9832756615D00A2060A /* Info.plist */ = {isa = PBXFileReference; lastKnownFileType = text.plist.xml; path = Info.plist; sourceTree = "<group>"; };
		8C65C98A275662BE00A2060A /* WebKit.framework */ = {isa = PBXFileReference; lastKnownFileType = wrapper.framework; name = WebKit.framework; path = System/Library/Frameworks/WebKit.framework; sourceTree = SDKROOT; };
		8C65C98C2756714B00A2060A /* Reachability.swift */ = {isa = PBXFileReference; lastKnownFileType = sourcecode.swift; path = Reachability.swift; sourceTree = "<group>"; };
/* End PBXFileReference section */

/* Begin PBXFrameworksBuildPhase section */
		8C65C96F2756615B00A2060A /* Frameworks */ = {
			isa = PBXFrameworksBuildPhase;
			buildActionMask = 2147483647;
			files = (
				8C65C98B275662BE00A2060A /* WebKit.framework in Frameworks */,
			);
			runOnlyForDeploymentPostprocessing = 0;
		};
/* End PBXFrameworksBuildPhase section */

/* Begin PBXGroup section */
		8C65C9692756615B00A2060A = {
			isa = PBXGroup;
			children = (
				8C65C9742756615B00A2060A /* WkitSwoomi */,
				8C65C9732756615B00A2060A /* Products */,
				8C65C989275662BE00A2060A /* Frameworks */,
			);
			sourceTree = "<group>";
		};
		8C65C9732756615B00A2060A /* Products */ = {
			isa = PBXGroup;
			children = (
				8C65C9722756615B00A2060A /* WkitSwoomi.app */,
			);
			name = Products;
			sourceTree = "<group>";
		};
		8C65C9742756615B00A2060A /* WkitSwoomi */ = {
			isa = PBXGroup;
			children = (
				8C65C9752756615B00A2060A /* AppDelegate.swift */,
				8C65C9772756615B00A2060A /* SceneDelegate.swift */,
				8C65C9792756615B00A2060A /* ViewController.swift */,
				8C65C98C2756714B00A2060A /* Reachability.swift */,
				8C65C97B2756615B00A2060A /* Main.storyboard */,
				8C65C97E2756615D00A2060A /* Assets.xcassets */,
				8C65C9802756615D00A2060A /* LaunchScreen.storyboard */,
				8C65C9832756615D00A2060A /* Info.plist */,
			);
			path = WkitSwoomi;
			sourceTree = "<group>";
		};
		8C65C989275662BE00A2060A /* Frameworks */ = {
			isa = PBXGroup;
			children = (
				8C65C98A275662BE00A2060A /* WebKit.framework */,
			);
			name = Frameworks;
			sourceTree = "<group>";
		};
/* End PBXGroup section */

/* Begin PBXNativeTarget section */
		8C65C9712756615B00A2060A /* WkitSwoomi */ = {
			isa = PBXNativeTarget;
			buildConfigurationList = 8C65C9862756615D00A2060A /* Build configuration list for PBXNativeTarget "WkitSwoomi" */;
			buildPhases = (
				8C65C96E2756615B00A2060A /* Sources */,
				8C65C96F2756615B00A2060A /* Frameworks */,
				8C65C9702756615B00A2060A /* Resources */,
			);
			buildRules = (
			);
			dependencies = (
			);
			name = WkitSwoomi;
			productName = WkitSwoomi;
			productReference = 8C65C9722756615B00A2060A /* WkitSwoomi.app */;
			productType = "com.apple.product-type.application";
		};
/* End PBXNativeTarget section */

/* Begin PBXProject section */
		8C65C96A2756615B00A2060A /* Project object */ = {
			isa = PBXProject;
			attributes = {
				BuildIndependentTargetsInParallel = 1;
				LastSwiftUpdateCheck = 1310;
				LastUpgradeCheck = 1310;
				TargetAttributes = {
					8C65C9712756615B00A2060A = {
						CreatedOnToolsVersion = 13.1;
					};
				};
			};
			buildConfigurationList = 8C65C96D2756615B00A2060A /* Build configuration list for PBXProject "WkitSwoomi" */;
			compatibilityVersion = "Xcode 13.0";
			developmentRegion = en;
			hasScannedForEncodings = 0;
			knownRegions = (
				en,
				Base,
			);
			mainGroup = 8C65C9692756615B00A2060A;
			productRefGroup = 8C65C9732756615B00A2060A /* Products */;
			projectDirPath = "";
			projectRoot = "";
			targets = (
				8C65C9712756615B00A2060A /* WkitSwoomi */,
			);
		};
/* End PBXProject section */

/* Begin PBXResourcesBuildPhase section */
		8C65C9702756615B00A2060A /* Resources */ = {
			isa = PBXResourcesBuildPhase;
			buildActionMask = 2147483647;
			files = (
				8C65C9822756615D00A2060A /* LaunchScreen.storyboard in Resources */,
				8C65C97F2756615D00A2060A /* Assets.xcassets in Resources */,
				8C65C97D2756615B00A2060A /* Main.storyboard in Resources */,
			);
			runOnlyForDeploymentPostprocessing = 0;
		};
/* End PBXResourcesBuildPhase section */

/* Begin PBXSourcesBuildPhase section */
		8C65C96E2756615B00A2060A /* Sources */ = {
			isa = PBXSourcesBuildPhase;
			buildActionMask = 2147483647;
			files = (
				8C65C97A2756615B00A2060A /* ViewController.swift in Sources */,
				8C65C9762756615B00A2060A /* AppDelegate.swift in Sources */,
				8C65C98D2756714B00A2060A /* Reachability.swift in Sources */,
				8C65C9782756615B00A2060A /* SceneDelegate.swift in Sources */,
			);
			runOnlyForDeploymentPostprocessing = 0;
		};
/* End PBXSourcesBuildPhase section */

/* Begin PBXVariantGroup section */
		8C65C97B2756615B00A2060A /* Main.storyboard */ = {
			isa = PBXVariantGroup;
			children = (
				8C65C97C2756615B00A2060A /* Base */,
			);
			name = Main.storyboard;
			sourceTree = "<group>";
		};
		8C65C9802756615D00A2060A /* LaunchScreen.storyboard */ = {
			isa = PBXVariantGroup;
			children = (
				8C65C9812756615D00A2060A /* Base */,
			);
			name = LaunchScreen.storyboard;
			sourceTree = "<group>";
		};
/* End PBXVariantGroup section */

/* Begin XCBuildConfiguration section */
		8C65C9842756615D00A2060A /* Debug */ = {
			isa = XCBuildConfiguration;
			buildSettings = {
				ALWAYS_SEARCH_USER_PATHS = NO;
				CLANG_ANALYZER_NONNULL = YES;
				CLANG_ANALYZER_NUMBER_OBJECT_CONVERSION = YES_AGGRESSIVE;
				CLANG_CXX_LANGUAGE_STANDARD = "gnu++17";
				CLANG_CXX_LIBRARY = "libc++";
				CLANG_ENABLE_MODULES = YES;
				CLANG_ENABLE_OBJC_ARC = YES;
				CLANG_ENABLE_OBJC_WEAK = YES;
				CLANG_WARN_BLOCK_CAPTURE_AUTORELEASING = YES;
				CLANG_WARN_BOOL_CONVERSION = YES;
				CLANG_WARN_COMMA = YES;
				CLANG_WARN_CONSTANT_CONVERSION = YES;
				CLANG_WARN_DEPRECATED_OBJC_IMPLEMENTATIONS = YES;
				CLANG_WARN_DIRECT_OBJC_ISA_USAGE = YES_ERROR;
				CLANG_WARN_DOCUMENTATION_COMMENTS = YES;
				CLANG_WARN_EMPTY_BODY = YES;
				CLANG_WARN_ENUM_CONVERSION = YES;
				CLANG_WARN_INFINITE_RECURSION = YES;
				CLANG_WARN_INT_CONVERSION = YES;
				CLANG_WARN_NON_LITERAL_NULL_CONVERSION = YES;
				CLANG_WARN_OBJC_IMPLICIT_RETAIN_SELF = YES;
				CLANG_WARN_OBJC_LITERAL_CONVERSION = YES;
				CLANG_WARN_OBJC_ROOT_CLASS = YES_ERROR;
				CLANG_WARN_QUOTED_INCLUDE_IN_FRAMEWORK_HEADER = YES;
				CLANG_WARN_RANGE_LOOP_ANALYSIS = YES;
				CLANG_WARN_STRICT_PROTOTYPES = YES;
				CLANG_WARN_SUSPICIOUS_MOVE = YES;
				CLANG_WARN_UNGUARDED_AVAILABILITY = YES_AGGRESSIVE;
				CLANG_WARN_UNREACHABLE_CODE = YES;
				CLANG_WARN__DUPLICATE_METHOD_MATCH = YES;
				COPY_PHASE_STRIP = NO;
				DEBUG_INFORMATION_FORMAT = dwarf;
				ENABLE_STRICT_OBJC_MSGSEND = YES;
				ENABLE_TESTABILITY = YES;
				GCC_C_LANGUAGE_STANDARD = gnu11;
				GCC_DYNAMIC_NO_PIC = NO;
				GCC_NO_COMMON_BLOCKS = YES;
				GCC_OPTIMIZATION_LEVEL = 0;
				GCC_PREPROCESSOR_DEFINITIONS = (
					"DEBUG=1",
					"$(inherited)",
				);
				GCC_WARN_64_TO_32_BIT_CONVERSION = YES;
				GCC_WARN_ABOUT_RETURN_TYPE = YES_ERROR;
				GCC_WARN_UNDECLARED_SELECTOR = YES;
				GCC_WARN_UNINITIALIZED_AUTOS = YES_AGGRESSIVE;
				GCC_WARN_UNUSED_FUNCTION = YES;
				GCC_WARN_UNUSED_VARIABLE = YES;
				IPHONEOS_DEPLOYMENT_TARGET = 15.0;
				MTL_ENABLE_DEBUG_INFO = INCLUDE_SOURCE;
				MTL_FAST_MATH = YES;
				ONLY_ACTIVE_ARCH = YES;
				SDKROOT = iphoneos;
				SWIFT_ACTIVE_COMPILATION_CONDITIONS = DEBUG;
				SWIFT_OPTIMIZATION_LEVEL = "-Onone";
			};
			name = Debug;
		};
		8C65C9852756615D00A2060A /* Release */ = {
			isa = XCBuildConfiguration;
			buildSettings = {
				ALWAYS_SEARCH_USER_PATHS = NO;
				CLANG_ANALYZER_NONNULL = YES;
				CLANG_ANALYZER_NUMBER_OBJECT_CONVERSION = YES_AGGRESSIVE;
				CLANG_CXX_LANGUAGE_STANDARD = "gnu++17";
				CLANG_CXX_LIBRARY = "libc++";
				CLANG_ENABLE_MODULES = YES;
				CLANG_ENABLE_OBJC_ARC = YES;
				CLANG_ENABLE_OBJC_WEAK = YES;
				CLANG_WARN_BLOCK_CAPTURE_AUTORELEASING = YES;
				CLANG_WARN_BOOL_CONVERSION = YES;
				CLANG_WARN_COMMA = YES;
				CLANG_WARN_CONSTANT_CONVERSION = YES;
				CLANG_WARN_DEPRECATED_OBJC_IMPLEMENTATIONS = YES;
				CLANG_WARN_DIRECT_OBJC_ISA_USAGE = YES_ERROR;
				CLANG_WARN_DOCUMENTATION_COMMENTS = YES;
				CLANG_WARN_EMPTY_BODY = YES;
				CLANG_WARN_ENUM_CONVERSION = YES;
				CLANG_WARN_INFINITE_RECURSION = YES;
				CLANG_WARN_INT_CONVERSION = YES;
				CLANG_WARN_NON_LITERAL_NULL_CONVERSION = YES;
				CLANG_WARN_OBJC_IMPLICIT_RETAIN_SELF = YES;
				CLANG_WARN_OBJC_LITERAL_CONVERSION = YES;
				CLANG_WARN_OBJC_ROOT_CLASS = YES_ERROR;
				CLANG_WARN_QUOTED_INCLUDE_IN_FRAMEWORK_HEADER = YES;
				CLANG_WARN_RANGE_LOOP_ANALYSIS = YES;
				CLANG_WARN_STRICT_PROTOTYPES = YES;
				CLANG_WARN_SUSPICIOUS_MOVE = YES;
				CLANG_WARN_UNGUARDED_AVAILABILITY = YES_AGGRESSIVE;
				CLANG_WARN_UNREACHABLE_CODE = YES;
				CLANG_WARN__DUPLICATE_METHOD_MATCH = YES;
				COPY_PHASE_STRIP = NO;
				DEBUG_INFORMATION_FORMAT = "dwarf-with-dsym";
				ENABLE_NS_ASSERTIONS = NO;
				ENABLE_STRICT_OBJC_MSGSEND = YES;
				GCC_C_LANGUAGE_STANDARD = gnu11;
				GCC_NO_COMMON_BLOCKS = YES;
				GCC_WARN_64_TO_32_BIT_CONVERSION = YES;
				GCC_WARN_ABOUT_RETURN_TYPE = YES_ERROR;
				GCC_WARN_UNDECLARED_SELECTOR = YES;
				GCC_WARN_UNINITIALIZED_AUTOS = YES_AGGRESSIVE;
				GCC_WARN_UNUSED_FUNCTION = YES;
				GCC_WARN_UNUSED_VARIABLE = YES;
				IPHONEOS_DEPLOYMENT_TARGET = 15.0;
				MTL_ENABLE_DEBUG_INFO = NO;
				MTL_FAST_MATH = YES;
				SDKROOT = iphoneos;
				SWIFT_COMPILATION_MODE = wholemodule;
				SWIFT_OPTIMIZATION_LEVEL = "-O";
				VALIDATE_PRODUCT = YES;
			};
			name = Release;
		};
		8C65C9872756615D00A2060A /* Debug */ = {
			isa = XCBuildConfiguration;
			buildSettings = {
				ASSETCATALOG_COMPILER_APPICON_NAME = AppIcon;
				ASSETCATALOG_COMPILER_GLOBAL_ACCENT_COLOR_NAME = AccentColor;
				CODE_SIGN_STYLE = Automatic;
				CURRENT_PROJECT_VERSION = 1;
				DEVELOPMENT_TEAM = UMYARP39QA;
				GENERATE_INFOPLIST_FILE = YES;
				INFOPLIST_FILE = WkitSwoomi/Info.plist;
				INFOPLIST_KEY_NSMicrophoneUsageDescription = "음성인식을 위한 마이크 권한 필요";
				INFOPLIST_KEY_NSSpeechRecognitionUsageDescription = "스펠체크를 위한 실시간 음성인식";
				INFOPLIST_KEY_UIApplicationSupportsIndirectInputEvents = YES;
				INFOPLIST_KEY_UILaunchStoryboardName = LaunchScreen;
				INFOPLIST_KEY_UIMainStoryboardFile = Main;
				INFOPLIST_KEY_UISupportedInterfaceOrientations_iPad = "UIInterfaceOrientationPortrait UIInterfaceOrientationPortraitUpsideDown UIInterfaceOrientationLandscapeLeft UIInterfaceOrientationLandscapeRight";
				INFOPLIST_KEY_UISupportedInterfaceOrientations_iPhone = "UIInterfaceOrientationPortrait UIInterfaceOrientationLandscapeLeft UIInterfaceOrientationLandscapeRight";
				LD_RUNPATH_SEARCH_PATHS = (
					"$(inherited)",
					"@executable_path/Frameworks",
				);
				MARKETING_VERSION = 1.0;
				PRODUCT_BUNDLE_IDENTIFIER = me.swoomi.WkitSwoomi;
				PRODUCT_NAME = "$(TARGET_NAME)";
				SWIFT_EMIT_LOC_STRINGS = YES;
				SWIFT_VERSION = 5.0;
				TARGETED_DEVICE_FAMILY = 1;
			};
			name = Debug;
		};
		8C65C9882756615D00A2060A /* Release */ = {
			isa = XCBuildConfiguration;
			buildSettings = {
				ASSETCATALOG_COMPILER_APPICON_NAME = AppIcon;
				ASSETCATALOG_COMPILER_GLOBAL_ACCENT_COLOR_NAME = AccentColor;
				CODE_SIGN_STYLE = Automatic;
				CURRENT_PROJECT_VERSION = 1;
				DEVELOPMENT_TEAM = UMYARP39QA;
				GENERATE_INFOPLIST_FILE = YES;
				INFOPLIST_FILE = WkitSwoomi/Info.plist;
				INFOPLIST_KEY_NSMicrophoneUsageDescription = "음성인식을 위한 마이크 권한 필요";
				INFOPLIST_KEY_NSSpeechRecognitionUsageDescription = "스펠체크를 위한 실시간 음성인식";
				INFOPLIST_KEY_UIApplicationSupportsIndirectInputEvents = YES;
				INFOPLIST_KEY_UILaunchStoryboardName = LaunchScreen;
				INFOPLIST_KEY_UIMainStoryboardFile = Main;
				INFOPLIST_KEY_UISupportedInterfaceOrientations_iPad = "UIInterfaceOrientationPortrait UIInterfaceOrientationPortraitUpsideDown UIInterfaceOrientationLandscapeLeft UIInterfaceOrientationLandscapeRight";
				INFOPLIST_KEY_UISupportedInterfaceOrientations_iPhone = "UIInterfaceOrientationPortrait UIInterfaceOrientationLandscapeLeft UIInterfaceOrientationLandscapeRight";
				LD_RUNPATH_SEARCH_PATHS = (
					"$(inherited)",
					"@executable_path/Frameworks",
				);
				MARKETING_VERSION = 1.0;
				PRODUCT_BUNDLE_IDENTIFIER = me.swoomi.WkitSwoomi;
				PRODUCT_NAME = "$(TARGET_NAME)";
				SWIFT_EMIT_LOC_STRINGS = YES;
				SWIFT_VERSION = 5.0;
				TARGETED_DEVICE_FAMILY = 1;
			};
			name = Release;
		};
/* End XCBuildConfiguration section */

/* Begin XCConfigurationList section */
		8C65C96D2756615B00A2060A /* Build configuration list for PBXProject "WkitSwoomi" */ = {
			isa = XCConfigurationList;
			buildConfigurations = (
				8C65C9842756615D00A2060A /* Debug */,
				8C65C9852756615D00A2060A /* Release */,
			);
			defaultConfigurationIsVisible = 0;
			defaultConfigurationName = Release;
		};
		8C65C9862756615D00A2060A /* Build configuration list for PBXNativeTarget "WkitSwoomi" */ = {
			isa = XCConfigurationList;
			buildConfigurations = (
				8C65C9872756615D00A2060A /* Debug */,
				8C65C9882756615D00A2060A /* Release */,
			);
			defaultConfigurationIsVisible = 0;
			defaultConfigurationName = Release;
		};
/* End XCConfigurationList section */
	};
	rootObject = 8C65C96A2756615B00A2060A /* Project object */;
}
